
Microsoft Visual Studio Solution File, Format Version 12.00
# Visual Studio Version 17
VisualStudioVersion = 17.1.32421.90
MinimumVisualStudioVersion = 10.0.40219.1
Project("{FAE04EC0-301F-11D3-BF4B-00C04F79EFBC}") = "HitmarkerMod", "uk-mod-hitmarker\HitmarkerMod.csproj", "{E678289B-4CBF-4644-876A-EF35F38741D8}"
EndProject
Global
	GlobalSection(SolutionConfigurationPlatforms) = preSolution
		BepinexDebug|Any CPU = BepinexDebug|Any CPU
		BepinexRelease|Any CPU = BepinexRelease|Any CPU
		UKModDebug|Any CPU = UKModDebug|Any CPU
		UKModRelease|Any CPU = UKModRelease|Any CPU
	EndGlobalSection
	GlobalSection(ProjectConfigurationPlatforms) = postSolution
		{E678289B-4CBF-4644-876A-EF35F38741D8}.BepinexDebug|Any CPU.ActiveCfg = BepinexDebug|Any CPU
		{E678289B-4CBF-4644-876A-EF35F38741D8}.BepinexDebug|Any CPU.Build.0 = BepinexDebug|Any CPU
		{E678289B-4CBF-4644-876A-EF35F38741D8}.BepinexRelease|Any CPU.ActiveCfg = BepinexRelease|Any CPU
		{E678289B-4CBF-4644-876A-EF35F38741D8}.BepinexRelease|Any CPU.Build.0 = BepinexRelease|Any CPU
		{E678289B-4CBF-4644-876A-EF35F38741D8}.UKModDebug|Any CPU.ActiveCfg = UKModDebug|Any CPU
		{E678289B-4CBF-4644-876A-EF35F38741D8}.UKModDebug|Any CPU.Build.0 = UKModDebug|Any CPU
		{E678289B-4CBF-4644-876A-EF35F38741D8}.UKModRelease|Any CPU.ActiveCfg = UKModRelease|Any CPU
		{E678289B-4CBF-4644-876A-EF35F38741D8}.UKModRelease|Any CPU.Build.0 = UKModRelease|Any CPU
	EndGlobalSection
	GlobalSection(SolutionProperties) = preSolution
		HideSolutionNode = FALSE
	EndGlobalSection
	GlobalSection(ExtensibilityGlobals) = postSolution
		SolutionGuid = {FE986315-4AFB-40AF-AB22-D92B8F120A8C}
	EndGlobalSection
EndGlobal
